
Microsoft Visual Studio Solution File, Format Version 12.00
# Visual Studio 15
VisualStudioVersion = 15.0.27004.2006
MinimumVisualStudioVersion = 10.0.40219.1
Project("{FAE04EC0-301F-11D3-BF4B-00C04F79EFBC}") = "Calculator", "Calculator\Calculator.csproj", "{83023064-E5C8-4EA9-AD34-59B7A89794ED}"
EndProject
Global
	GlobalSection(SolutionConfigurationPlatforms) = preSolution
		Debug|Any CPU = Debug|Any CPU
		Release|Any CPU = Release|Any CPU
	EndGlobalSection
	GlobalSection(ProjectConfigurationPlatforms) = postSolution
		{83023064-E5C8-4EA9-AD34-59B7A89794ED}.Debug|Any CPU.ActiveCfg = Debug|Any CPU
		{83023064-E5C8-4EA9-AD34-59B7A89794ED}.Debug|Any CPU.Build.0 = Debug|Any CPU
		{83023064-E5C8-4EA9-AD34-59B7A89794ED}.Release|Any CPU.ActiveCfg = Release|Any CPU
		{83023064-E5C8-4EA9-AD34-59B7A89794ED}.Release|Any CPU.Build.0 = Release|Any CPU
	EndGlobalSection
	GlobalSection(SolutionProperties) = preSolution
		HideSolutionNode = FALSE
	EndGlobalSection
	GlobalSection(ExtensibilityGlobals) = postSolution
		SolutionGuid = {81F3561D-CEF4-4ADB-ABD6-3439F1C4829C}
	EndGlobalSection
EndGlobal
